
Microsoft Visual Studio Solution File, Format Version 12.00
# Visual Studio Version 17
VisualStudioVersion = 17.5.002.0
MinimumVisualStudioVersion = 10.0.40219.1
Project("{9A19103F-16F7-4668-BE54-9A1E7A4F7556}") = "ScreenSound", "ScreenSound.csproj", "{7817FE82-C9CD-4C87-8E69-E893E231467A}"
EndProject
Global
	GlobalSection(SolutionConfigurationPlatforms) = preSolution
		Debug|Any CPU = Debug|Any CPU
		Release|Any CPU = Release|Any CPU
	EndGlobalSection
	GlobalSection(ProjectConfigurationPlatforms) = postSolution
		{7817FE82-C9CD-4C87-8E69-E893E231467A}.Debug|Any CPU.ActiveCfg = Debug|Any CPU
		{7817FE82-C9CD-4C87-8E69-E893E231467A}.Debug|Any CPU.Build.0 = Debug|Any CPU
		{7817FE82-C9CD-4C87-8E69-E893E231467A}.Release|Any CPU.ActiveCfg = Release|Any CPU
		{7817FE82-C9CD-4C87-8E69-E893E231467A}.Release|Any CPU.Build.0 = Release|Any CPU
	EndGlobalSection
	GlobalSection(SolutionProperties) = preSolution
		HideSolutionNode = FALSE
	EndGlobalSection
	GlobalSection(ExtensibilityGlobals) = postSolution
		SolutionGuid = {D54CB969-2974-4227-81A4-EE08BD0A626C}
	EndGlobalSection
EndGlobal
