
Microsoft Visual Studio Solution File, Format Version 12.00
# Visual Studio Version 17
VisualStudioVersion = 17.11.35222.181
MinimumVisualStudioVersion = 10.0.40219.1
Project("{FAE04EC0-301F-11D3-BF4B-00C04F79EFBC}") = "Desafio", "Desafio\Desafio.csproj", "{9FF108CC-CD6B-4F4A-A356-D0B6217D0BFC}"
EndProject
Global
	GlobalSection(SolutionConfigurationPlatforms) = preSolution
		Debug|Any CPU = Debug|Any CPU
		Release|Any CPU = Release|Any CPU
	EndGlobalSection
	GlobalSection(ProjectConfigurationPlatforms) = postSolution
		{9FF108CC-CD6B-4F4A-A356-D0B6217D0BFC}.Debug|Any CPU.ActiveCfg = Debug|Any CPU
		{9FF108CC-CD6B-4F4A-A356-D0B6217D0BFC}.Debug|Any CPU.Build.0 = Debug|Any CPU
		{9FF108CC-CD6B-4F4A-A356-D0B6217D0BFC}.Release|Any CPU.ActiveCfg = Release|Any CPU
		{9FF108CC-CD6B-4F4A-A356-D0B6217D0BFC}.Release|Any CPU.Build.0 = Release|Any CPU
	EndGlobalSection
	GlobalSection(SolutionProperties) = preSolution
		HideSolutionNode = FALSE
	EndGlobalSection
	GlobalSection(ExtensibilityGlobals) = postSolution
		SolutionGuid = {89FB99F5-4DB7-44D9-BB7C-FD54643C960E}
	EndGlobalSection
EndGlobal
